<?xml version="1.0" encoding="utf-8"?>
<Project ToolsVersion="4.0" xmlns="http://schemas.microsoft.com/developer/msbuild/2003">
  <ItemGroup>
    <Filter Include="Fichiers sources">
      <UniqueIdentifier>{4FC737F1-C7A5-4376-A066-2A32D752A2FF}</UniqueIdentifier>
      <Extensions>cpp;c;cc;cxx;def;odl;idl;hpj;bat;asm;asmx</Extensions>
    </Filter>
    <Filter Include="Fichiers d%27en-tête">
      <UniqueIdentifier>{93995380-89BD-4b04-88EB-625FBE52EBFB}</UniqueIdentifier>
      <Extensions>h;hh;hpp;hxx;hm;inl;inc;ipp;xsd</Extensions>
    </Filter>
    <Filter Include="Fichiers de ressources">
      <UniqueIdentifier>{67DA6AB6-F800-4c08-8B7A-83BB121AAD01}</UniqueIdentifier>
      <Extensions>rc;ico;cur;bmp;dlg;rc2;rct;bin;rgs;gif;jpg;jpeg;jpe;resx;tiff;tif;png;wav;mfcribbon-ms</Extensions>
    </Filter>
    <Filter Include="Fichiers sources\LoginServer">
      <UniqueIdentifier>{6141f5f8-b515-43bd-a3e3-293af7bff15a}</UniqueIdentifier>
    </Filter>
    <Filter Include="Fichiers sources\LoginServer\Header">
      <UniqueIdentifier>{b8599df1-bcff-4639-8bb6-9ea11f4db65d}</UniqueIdentifier>
    </Filter>
    <Filter Include="Fichiers sources\LoginServer\Source">
      <UniqueIdentifier>{99981df2-0545-42d6-98d7-abc3d4bed505}</UniqueIdentifier>
    </Filter>
    <Filter Include="Fichiers sources\LoginServer\Header\Game Related">
      <UniqueIdentifier>{0c17eaca-5424-4a75-ba35-b2c0b0effe42}</UniqueIdentifier>
    </Filter>
    <Filter Include="Fichiers sources\LoginServer\Header\Packets">
      <UniqueIdentifier>{464027f9-ad67-4324-849d-6543634bb645}</UniqueIdentifier>
    </Filter>
    <Filter Include="Fichiers sources\Loguru">
      <UniqueIdentifier>{96138847-8f5d-4a82-982e-da658ba69915}</UniqueIdentifier>
    </Filter>
    <Filter Include="Fichiers sources\LoginServer\Header\Game Related\Player">
      <UniqueIdentifier>{28fdd55f-c669-4c0c-9256-734e81115a65}</UniqueIdentifier>
    </Filter>
    <Filter Include="Fichiers sources\rapidjson">
      <UniqueIdentifier>{9482663c-464b-4411-a1f0-f62a061e310a}</UniqueIdentifier>
    </Filter>
  </ItemGroup>
  <ItemGroup>
    <ClCompile Include="Main.cpp">
      <Filter>Fichiers sources\LoginServer\Source</Filter>
    </ClCompile>
    <ClCompile Include="LoginServer.cpp">
      <Filter>Fichiers sources\LoginServer\Source</Filter>
    </ClCompile>
    <ClCompile Include="loguru.cpp">
      <Filter>Fichiers sources\Loguru</Filter>
    </ClCompile>
    <ClCompile Include="H1Z1.cpp">
      <Filter>Fichiers sources\LoginServer\Source</Filter>
    </ClCompile>
    <ClCompile Include="Player.cpp">
      <Filter>Fichiers sources\LoginServer\Header\Game Related\Player</Filter>
    </ClCompile>
  </ItemGroup>
  <ItemGroup>
    <ClInclude Include="Settings.hpp">
      <Filter>Fichiers sources\LoginServer\Header</Filter>
    </ClInclude>
    <ClInclude Include="LoginServer.hpp">
      <Filter>Fichiers sources\LoginServer\Header</Filter>
    </ClInclude>
    <ClInclude Include="Header.hpp">
      <Filter>Fichiers sources\LoginServer\Header</Filter>
    </ClInclude>
    <ClInclude Include="H1Z1.hpp">
      <Filter>Fichiers sources\LoginServer\Header</Filter>
    </ClInclude>
    <ClInclude Include="DisconnectReasons.hpp">
      <Filter>Fichiers sources\LoginServer\Header\Game Related</Filter>
    </ClInclude>
    <ClInclude Include="ClientState.hpp">
      <Filter>Fichiers sources\LoginServer\Header\Game Related</Filter>
    </ClInclude>
    <ClInclude Include="Network.hpp">
      <Filter>Fichiers sources\LoginServer\Header\Game Related</Filter>
    </ClInclude>
    <ClInclude Include="Pattern.hpp">
      <Filter>Fichiers sources\LoginServer\Header\Packets</Filter>
    </ClInclude>
    <ClInclude Include="Reply.hpp">
      <Filter>Fichiers sources\LoginServer\Header\Packets</Filter>
    </ClInclude>
    <ClInclude Include="loguru.hpp">
      <Filter>Fichiers sources\Loguru</Filter>
    </ClInclude>
    <ClInclude Include="Player.hpp">
      <Filter>Fichiers sources\LoginServer\Header\Game Related\Player</Filter>
    </ClInclude>
    <ClInclude Include="rapidjson\document.h">
      <Filter>Fichiers sources\rapidjson</Filter>
    </ClInclude>
    <ClInclude Include="rapidjson\stringbuffer.h">
      <Filter>Fichiers sources\rapidjson</Filter>
    </ClInclude>
    <ClInclude Include="rapidjson\writer.h">
      <Filter>Fichiers sources\rapidjson</Filter>
    </ClInclude>
  </ItemGroup>
  <ItemGroup>
    <None Include="..\README.md">
      <Filter>Fichiers sources\LoginServer</Filter>
    </None>
    <None Include="TODO.md">
      <Filter>Fichiers sources\LoginServer</Filter>
    </None>
  </ItemGroup>
</Project>